
Microsoft Visual Studio Solution File, Format Version 12.00
# Visual Studio Version 16
VisualStudioVersion = 16.0.30225.117
MinimumVisualStudioVersion = 10.0.40219.1
Project("{FAE04EC0-301F-11D3-BF4B-00C04F79EFBC}") = "SlidingBlocksGame.UWP", "SlidingBlocksGame\SlidingBlocksGame.UWP\SlidingBlocksGame.UWP.csproj", "{824FD252-52A9-42A7-8FF3-397BE9829783}"
EndProject
Project("{FAE04EC0-301F-11D3-BF4B-00C04F79EFBC}") = "SlidingBlocksGame.Android", "SlidingBlocksGame\SlidingBlocksGame.Android\SlidingBlocksGame.Android.csproj", "{75B38BDB-9464-4209-BE7C-581333C1E71B}"
EndProject
Project("{FAE04EC0-301F-11D3-BF4B-00C04F79EFBC}") = "SlidingBlocksGame.iOS", "SlidingBlocksGame\SlidingBlocksGame.iOS\SlidingBlocksGame.iOS.csproj", "{6FB42B8B-33FF-44DE-8F73-D400DFA7FA55}"
EndProject
Project("{FAE04EC0-301F-11D3-BF4B-00C04F79EFBC}") = "SlidingBlocksGame", "SlidingBlocksGame\SlidingBlocksGame\SlidingBlocksGame.csproj", "{A226963C-442A-4BFB-985C-B87C9DEE374B}"
EndProject
Global
	GlobalSection(SolutionConfigurationPlatforms) = preSolution
		Debug|Any CPU = Debug|Any CPU
		Debug|ARM = Debug|ARM
		Debug|iPhone = Debug|iPhone
		Debug|iPhoneSimulator = Debug|iPhoneSimulator
		Debug|x64 = Debug|x64
		Debug|x86 = Debug|x86
		Release|Any CPU = Release|Any CPU
		Release|ARM = Release|ARM
		Release|iPhone = Release|iPhone
		Release|iPhoneSimulator = Release|iPhoneSimulator
		Release|x64 = Release|x64
		Release|x86 = Release|x86
	EndGlobalSection
	GlobalSection(ProjectConfigurationPlatforms) = postSolution
		{824FD252-52A9-42A7-8FF3-397BE9829783}.Debug|Any CPU.ActiveCfg = Debug|x86
		{824FD252-52A9-42A7-8FF3-397BE9829783}.Debug|Any CPU.Build.0 = Debug|x86
		{824FD252-52A9-42A7-8FF3-397BE9829783}.Debug|Any CPU.Deploy.0 = Debug|x86
		{824FD252-52A9-42A7-8FF3-397BE9829783}.Debug|ARM.ActiveCfg = Debug|ARM
		{824FD252-52A9-42A7-8FF3-397BE9829783}.Debug|ARM.Build.0 = Debug|ARM
		{824FD252-52A9-42A7-8FF3-397BE9829783}.Debug|ARM.Deploy.0 = Debug|ARM
		{824FD252-52A9-42A7-8FF3-397BE9829783}.Debug|iPhone.ActiveCfg = Debug|x86
		{824FD252-52A9-42A7-8FF3-397BE9829783}.Debug|iPhone.Build.0 = Debug|x86
		{824FD252-52A9-42A7-8FF3-397BE9829783}.Debug|iPhone.Deploy.0 = Debug|x86
		{824FD252-52A9-42A7-8FF3-397BE9829783}.Debug|iPhoneSimulator.ActiveCfg = Debug|x86
		{824FD252-52A9-42A7-8FF3-397BE9829783}.Debug|iPhoneSimulator.Build.0 = Debug|x86
		{824FD252-52A9-42A7-8FF3-397BE9829783}.Debug|iPhoneSimulator.Deploy.0 = Debug|x86
		{824FD252-52A9-42A7-8FF3-397BE9829783}.Debug|x64.ActiveCfg = Debug|x64
		{824FD252-52A9-42A7-8FF3-397BE9829783}.Debug|x64.Build.0 = Debug|x64
		{824FD252-52A9-42A7-8FF3-397BE9829783}.Debug|x64.Deploy.0 = Debug|x64
		{824FD252-52A9-42A7-8FF3-397BE9829783}.Debug|x86.ActiveCfg = Debug|x86
		{824FD252-52A9-42A7-8FF3-397BE9829783}.Debug|x86.Build.0 = Debug|x86
		{824FD252-52A9-42A7-8FF3-397BE9829783}.Debug|x86.Deploy.0 = Debug|x86
		{824FD252-52A9-42A7-8FF3-397BE9829783}.Release|Any CPU.ActiveCfg = Release|x86
		{824FD252-52A9-42A7-8FF3-397BE9829783}.Release|Any CPU.Build.0 = Release|x86
		{824FD252-52A9-42A7-8FF3-397BE9829783}.Release|Any CPU.Deploy.0 = Release|x86
		{824FD252-52A9-42A7-8FF3-397BE9829783}.Release|ARM.ActiveCfg = Release|ARM
		{824FD252-52A9-42A7-8FF3-397BE9829783}.Release|ARM.Build.0 = Release|ARM
		{824FD252-52A9-42A7-8FF3-397BE9829783}.Release|ARM.Deploy.0 = Release|ARM
		{824FD252-52A9-42A7-8FF3-397BE9829783}.Release|iPhone.ActiveCfg = Release|x86
		{824FD252-52A9-42A7-8FF3-397BE9829783}.Release|iPhone.Build.0 = Release|x86
		{824FD252-52A9-42A7-8FF3-397BE9829783}.Release|iPhone.Deploy.0 = Release|x86
		{824FD252-52A9-42A7-8FF3-397BE9829783}.Release|iPhoneSimulator.ActiveCfg = Release|x86
		{824FD252-52A9-42A7-8FF3-397BE9829783}.Release|iPhoneSimulator.Build.0 = Release|x86
		{824FD252-52A9-42A7-8FF3-397BE9829783}.Release|iPhoneSimulator.Deploy.0 = Release|x86
		{824FD252-52A9-42A7-8FF3-397BE9829783}.Release|x64.ActiveCfg = Release|x64
		{824FD252-52A9-42A7-8FF3-397BE9829783}.Release|x64.Build.0 = Release|x64
		{824FD252-52A9-42A7-8FF3-397BE9829783}.Release|x64.Deploy.0 = Release|x64
		{824FD252-52A9-42A7-8FF3-397BE9829783}.Release|x86.ActiveCfg = Release|x86
		{824FD252-52A9-42A7-8FF3-397BE9829783}.Release|x86.Build.0 = Release|x86
		{824FD252-52A9-42A7-8FF3-397BE9829783}.Release|x86.Deploy.0 = Release|x86
		{75B38BDB-9464-4209-BE7C-581333C1E71B}.Debug|Any CPU.ActiveCfg = Debug|Any CPU
		{75B38BDB-9464-4209-BE7C-581333C1E71B}.Debug|Any CPU.Build.0 = Debug|Any CPU
		{75B38BDB-9464-4209-BE7C-581333C1E71B}.Debug|Any CPU.Deploy.0 = Debug|Any CPU
		{75B38BDB-9464-4209-BE7C-581333C1E71B}.Debug|ARM.ActiveCfg = Debug|Any CPU
		{75B38BDB-9464-4209-BE7C-581333C1E71B}.Debug|ARM.Build.0 = Debug|Any CPU
		{75B38BDB-9464-4209-BE7C-581333C1E71B}.Debug|ARM.Deploy.0 = Debug|Any CPU
		{75B38BDB-9464-4209-BE7C-581333C1E71B}.Debug|iPhone.ActiveCfg = Debug|Any CPU
		{75B38BDB-9464-4209-BE7C-581333C1E71B}.Debug|iPhone.Build.0 = Debug|Any CPU
		{75B38BDB-9464-4209-BE7C-581333C1E71B}.Debug|iPhone.Deploy.0 = Debug|Any CPU
		{75B38BDB-9464-4209-BE7C-581333C1E71B}.Debug|iPhoneSimulator.ActiveCfg = Debug|Any CPU
		{75B38BDB-9464-4209-BE7C-581333C1E71B}.Debug|iPhoneSimulator.Build.0 = Debug|Any CPU
		{75B38BDB-9464-4209-BE7C-581333C1E71B}.Debug|iPhoneSimulator.Deploy.0 = Debug|Any CPU
		{75B38BDB-9464-4209-BE7C-581333C1E71B}.Debug|x64.ActiveCfg = Debug|Any CPU
		{75B38BDB-9464-4209-BE7C-581333C1E71B}.Debug|x64.Build.0 = Debug|Any CPU
		{75B38BDB-9464-4209-BE7C-581333C1E71B}.Debug|x64.Deploy.0 = Debug|Any CPU
		{75B38BDB-9464-4209-BE7C-581333C1E71B}.Debug|x86.ActiveCfg = Debug|Any CPU
		{75B38BDB-9464-4209-BE7C-581333C1E71B}.Debug|x86.Build.0 = Debug|Any CPU
		{75B38BDB-9464-4209-BE7C-581333C1E71B}.Debug|x86.Deploy.0 = Debug|Any CPU
		{75B38BDB-9464-4209-BE7C-581333C1E71B}.Release|Any CPU.ActiveCfg = Release|Any CPU
		{75B38BDB-9464-4209-BE7C-581333C1E71B}.Release|Any CPU.Build.0 = Release|Any CPU
		{75B38BDB-9464-4209-BE7C-581333C1E71B}.Release|Any CPU.Deploy.0 = Release|Any CPU
		{75B38BDB-9464-4209-BE7C-581333C1E71B}.Release|ARM.ActiveCfg = Release|Any CPU
		{75B38BDB-9464-4209-BE7C-581333C1E71B}.Release|ARM.Build.0 = Release|Any CPU
		{75B38BDB-9464-4209-BE7C-581333C1E71B}.Release|ARM.Deploy.0 = Release|Any CPU
		{75B38BDB-9464-4209-BE7C-581333C1E71B}.Release|iPhone.ActiveCfg = Release|Any CPU
		{75B38BDB-9464-4209-BE7C-581333C1E71B}.Release|iPhone.Build.0 = Release|Any CPU
		{75B38BDB-9464-4209-BE7C-581333C1E71B}.Release|iPhone.Deploy.0 = Release|Any CPU
		{75B38BDB-9464-4209-BE7C-581333C1E71B}.Release|iPhoneSimulator.ActiveCfg = Release|Any CPU
		{75B38BDB-9464-4209-BE7C-581333C1E71B}.Release|iPhoneSimulator.Build.0 = Release|Any CPU
		{75B38BDB-9464-4209-BE7C-581333C1E71B}.Release|iPhoneSimulator.Deploy.0 = Release|Any CPU
		{75B38BDB-9464-4209-BE7C-581333C1E71B}.Release|x64.ActiveCfg = Release|Any CPU
		{75B38BDB-9464-4209-BE7C-581333C1E71B}.Release|x64.Build.0 = Release|Any CPU
		{75B38BDB-9464-4209-BE7C-581333C1E71B}.Release|x64.Deploy.0 = Release|Any CPU
		{75B38BDB-9464-4209-BE7C-581333C1E71B}.Release|x86.ActiveCfg = Release|Any CPU
		{75B38BDB-9464-4209-BE7C-581333C1E71B}.Release|x86.Build.0 = Release|Any CPU
		{75B38BDB-9464-4209-BE7C-581333C1E71B}.Release|x86.Deploy.0 = Release|Any CPU
		{6FB42B8B-33FF-44DE-8F73-D400DFA7FA55}.Debug|Any CPU.ActiveCfg = Debug|iPhone
		{6FB42B8B-33FF-44DE-8F73-D400DFA7FA55}.Debug|Any CPU.Build.0 = Debug|iPhone
		{6FB42B8B-33FF-44DE-8F73-D400DFA7FA55}.Debug|Any CPU.Deploy.0 = Debug|iPhone
		{6FB42B8B-33FF-44DE-8F73-D400DFA7FA55}.Debug|ARM.ActiveCfg = Debug|iPhone
		{6FB42B8B-33FF-44DE-8F73-D400DFA7FA55}.Debug|ARM.Build.0 = Debug|iPhone
		{6FB42B8B-33FF-44DE-8F73-D400DFA7FA55}.Debug|ARM.Deploy.0 = Debug|iPhone
		{6FB42B8B-33FF-44DE-8F73-D400DFA7FA55}.Debug|iPhone.ActiveCfg = Debug|iPhone
		{6FB42B8B-33FF-44DE-8F73-D400DFA7FA55}.Debug|iPhone.Build.0 = Debug|iPhone
		{6FB42B8B-33FF-44DE-8F73-D400DFA7FA55}.Debug|iPhone.Deploy.0 = Debug|iPhone
		{6FB42B8B-33FF-44DE-8F73-D400DFA7FA55}.Debug|iPhoneSimulator.ActiveCfg = Debug|iPhoneSimulator
		{6FB42B8B-33FF-44DE-8F73-D400DFA7FA55}.Debug|iPhoneSimulator.Build.0 = Debug|iPhoneSimulator
		{6FB42B8B-33FF-44DE-8F73-D400DFA7FA55}.Debug|iPhoneSimulator.Deploy.0 = Debug|iPhoneSimulator
		{6FB42B8B-33FF-44DE-8F73-D400DFA7FA55}.Debug|x64.ActiveCfg = Debug|iPhone
		{6FB42B8B-33FF-44DE-8F73-D400DFA7FA55}.Debug|x64.Build.0 = Debug|iPhone
		{6FB42B8B-33FF-44DE-8F73-D400DFA7FA55}.Debug|x64.Deploy.0 = Debug|iPhone
		{6FB42B8B-33FF-44DE-8F73-D400DFA7FA55}.Debug|x86.ActiveCfg = Debug|iPhone
		{6FB42B8B-33FF-44DE-8F73-D400DFA7FA55}.Debug|x86.Build.0 = Debug|iPhone
		{6FB42B8B-33FF-44DE-8F73-D400DFA7FA55}.Debug|x86.Deploy.0 = Debug|iPhone
		{6FB42B8B-33FF-44DE-8F73-D400DFA7FA55}.Release|Any CPU.ActiveCfg = Release|iPhone
		{6FB42B8B-33FF-44DE-8F73-D400DFA7FA55}.Release|Any CPU.Build.0 = Release|iPhone
		{6FB42B8B-33FF-44DE-8F73-D400DFA7FA55}.Release|Any CPU.Deploy.0 = Release|iPhone
		{6FB42B8B-33FF-44DE-8F73-D400DFA7FA55}.Release|ARM.ActiveCfg = Release|iPhone
		{6FB42B8B-33FF-44DE-8F73-D400DFA7FA55}.Release|ARM.Build.0 = Release|iPhone
		{6FB42B8B-33FF-44DE-8F73-D400DFA7FA55}.Release|ARM.Deploy.0 = Release|iPhone
		{6FB42B8B-33FF-44DE-8F73-D400DFA7FA55}.Release|iPhone.ActiveCfg = Release|iPhone
		{6FB42B8B-33FF-44DE-8F73-D400DFA7FA55}.Release|iPhone.Build.0 = Release|iPhone
		{6FB42B8B-33FF-44DE-8F73-D400DFA7FA55}.Release|iPhone.Deploy.0 = Release|iPhone
		{6FB42B8B-33FF-44DE-8F73-D400DFA7FA55}.Release|iPhoneSimulator.ActiveCfg = Release|iPhoneSimulator
		{6FB42B8B-33FF-44DE-8F73-D400DFA7FA55}.Release|iPhoneSimulator.Build.0 = Release|iPhoneSimulator
		{6FB42B8B-33FF-44DE-8F73-D400DFA7FA55}.Release|iPhoneSimulator.Deploy.0 = Release|iPhoneSimulator
		{6FB42B8B-33FF-44DE-8F73-D400DFA7FA55}.Release|x64.ActiveCfg = Release|iPhone
		{6FB42B8B-33FF-44DE-8F73-D400DFA7FA55}.Release|x64.Build.0 = Release|iPhone
		{6FB42B8B-33FF-44DE-8F73-D400DFA7FA55}.Release|x64.Deploy.0 = Release|iPhone
		{6FB42B8B-33FF-44DE-8F73-D400DFA7FA55}.Release|x86.ActiveCfg = Release|iPhone
		{6FB42B8B-33FF-44DE-8F73-D400DFA7FA55}.Release|x86.Build.0 = Release|iPhone
		{6FB42B8B-33FF-44DE-8F73-D400DFA7FA55}.Release|x86.Deploy.0 = Release|iPhone
		{A226963C-442A-4BFB-985C-B87C9DEE374B}.Debug|Any CPU.ActiveCfg = Debug|Any CPU
		{A226963C-442A-4BFB-985C-B87C9DEE374B}.Debug|Any CPU.Build.0 = Debug|Any CPU
		{A226963C-442A-4BFB-985C-B87C9DEE374B}.Debug|Any CPU.Deploy.0 = Debug|Any CPU
		{A226963C-442A-4BFB-985C-B87C9DEE374B}.Debug|ARM.ActiveCfg = Debug|Any CPU
		{A226963C-442A-4BFB-985C-B87C9DEE374B}.Debug|ARM.Build.0 = Debug|Any CPU
		{A226963C-442A-4BFB-985C-B87C9DEE374B}.Debug|ARM.Deploy.0 = Debug|Any CPU
		{A226963C-442A-4BFB-985C-B87C9DEE374B}.Debug|iPhone.ActiveCfg = Debug|Any CPU
		{A226963C-442A-4BFB-985C-B87C9DEE374B}.Debug|iPhone.Build.0 = Debug|Any CPU
		{A226963C-442A-4BFB-985C-B87C9DEE374B}.Debug|iPhone.Deploy.0 = Debug|Any CPU
		{A226963C-442A-4BFB-985C-B87C9DEE374B}.Debug|iPhoneSimulator.ActiveCfg = Debug|Any CPU
		{A226963C-442A-4BFB-985C-B87C9DEE374B}.Debug|iPhoneSimulator.Build.0 = Debug|Any CPU
		{A226963C-442A-4BFB-985C-B87C9DEE374B}.Debug|iPhoneSimulator.Deploy.0 = Debug|Any CPU
		{A226963C-442A-4BFB-985C-B87C9DEE374B}.Debug|x64.ActiveCfg = Debug|Any CPU
		{A226963C-442A-4BFB-985C-B87C9DEE374B}.Debug|x64.Build.0 = Debug|Any CPU
		{A226963C-442A-4BFB-985C-B87C9DEE374B}.Debug|x64.Deploy.0 = Debug|Any CPU
		{A226963C-442A-4BFB-985C-B87C9DEE374B}.Debug|x86.ActiveCfg = Debug|Any CPU
		{A226963C-442A-4BFB-985C-B87C9DEE374B}.Debug|x86.Build.0 = Debug|Any CPU
		{A226963C-442A-4BFB-985C-B87C9DEE374B}.Debug|x86.Deploy.0 = Debug|Any CPU
		{A226963C-442A-4BFB-985C-B87C9DEE374B}.Release|Any CPU.ActiveCfg = Release|Any CPU
		{A226963C-442A-4BFB-985C-B87C9DEE374B}.Release|Any CPU.Build.0 = Release|Any CPU
		{A226963C-442A-4BFB-985C-B87C9DEE374B}.Release|Any CPU.Deploy.0 = Release|Any CPU
		{A226963C-442A-4BFB-985C-B87C9DEE374B}.Release|ARM.ActiveCfg = Release|Any CPU
		{A226963C-442A-4BFB-985C-B87C9DEE374B}.Release|ARM.Build.0 = Release|Any CPU
		{A226963C-442A-4BFB-985C-B87C9DEE374B}.Release|ARM.Deploy.0 = Release|Any CPU
		{A226963C-442A-4BFB-985C-B87C9DEE374B}.Release|iPhone.ActiveCfg = Release|Any CPU
		{A226963C-442A-4BFB-985C-B87C9DEE374B}.Release|iPhone.Build.0 = Release|Any CPU
		{A226963C-442A-4BFB-985C-B87C9DEE374B}.Release|iPhone.Deploy.0 = Release|Any CPU
		{A226963C-442A-4BFB-985C-B87C9DEE374B}.Release|iPhoneSimulator.ActiveCfg = Release|Any CPU
		{A226963C-442A-4BFB-985C-B87C9DEE374B}.Release|iPhoneSimulator.Build.0 = Release|Any CPU
		{A226963C-442A-4BFB-985C-B87C9DEE374B}.Release|iPhoneSimulator.Deploy.0 = Release|Any CPU
		{A226963C-442A-4BFB-985C-B87C9DEE374B}.Release|x64.ActiveCfg = Release|Any CPU
		{A226963C-442A-4BFB-985C-B87C9DEE374B}.Release|x64.Build.0 = Release|Any CPU
		{A226963C-442A-4BFB-985C-B87C9DEE374B}.Release|x64.Deploy.0 = Release|Any CPU
		{A226963C-442A-4BFB-985C-B87C9DEE374B}.Release|x86.ActiveCfg = Release|Any CPU
		{A226963C-442A-4BFB-985C-B87C9DEE374B}.Release|x86.Build.0 = Release|Any CPU
		{A226963C-442A-4BFB-985C-B87C9DEE374B}.Release|x86.Deploy.0 = Release|Any CPU
	EndGlobalSection
	GlobalSection(SolutionProperties) = preSolution
		HideSolutionNode = FALSE
	EndGlobalSection
	GlobalSection(ExtensibilityGlobals) = postSolution
		SolutionGuid = {680C8B99-00A3-4C7A-836F-E56C8163E97F}
	EndGlobalSection
EndGlobal
